{"SurveyEntry":{"SurveyID":"SV_6F4TdsJAMwy9wsC","SurveyName":"MFA Formal Review Evaluation Form","SurveyDescription":null,"SurveyOwnerID":"UR_emwxpBJS8bSLUNv","SurveyBrandID":"fsu","DivisionID":null,"SurveyLanguage":"EN","SurveyActiveResponseSet":"RS_0JV44TcuIkax8Bo","SurveyStatus":"Active","SurveyStartDate":"0000-00-00 00:00:00","SurveyExpirationDate":"0000-00-00 00:00:00","SurveyCreationDate":"2023-07-23 07:19:11","CreatorID":"UR_emwxpBJS8bSLUNv","LastModified":"2023-11-17 09:10:14","LastAccessed":"0000-00-00 00:00:00","LastActivated":"2023-11-14 11:24:43","Deleted":null},"SurveyElements":[{"SurveyID":"SV_6F4TdsJAMwy9wsC","Element":"BL","PrimaryAttribute":"Survey Blocks","SecondaryAttribute":null,"TertiaryAttribute":null,"Payload":[{"Type":"Default","Description":"Basic Information","ID":"BL_dgJzdqO3pHIl3w2","BlockElements":[{"Type":"Question","QuestionID":"QID1"},{"Type":"Question","QuestionID":"QID5"},{"Type":"Question","QuestionID":"QID22"}],"Options":{"BlockLocking":"false","RandomizeQuestions":"false","BlockVisibility":"Expanded"}},{"Type":"Trash","Description":"Trash \/ Unused Questions","ID":"BL_424jXuQab9J6jjw","BlockElements":[{"Type":"Question","QuestionID":"QID23"}]},{"Type":"Standard","SubType":"","Description":"First-Year Review Goals and Student Responsibilities","ID":"BL_3yrhXDMLLE7YEbI","BlockElements":[{"Type":"Question","QuestionID":"QID7"},{"Type":"Page Break"},{"Type":"Question","QuestionID":"QID10"},{"Type":"Page Break"}],"Options":{"BlockLocking":"false","RandomizeQuestions":"false","BlockVisibility":"Expanded"}},{"Type":"Standard","SubType":"","Description":"Introduction","ID":"BL_af6onc31Ydc6IOa","BlockElements":[{"Type":"Question","QuestionID":"QID6"}],"Options":{"BlockLocking":"false","RandomizeQuestions":"false","BlockVisibility":"Expanded"}},{"Type":"Standard","SubType":"","Description":"Second-Year Review Goals and Student Responsibilities","ID":"BL_2ggh7KyT4ZhNnLw","BlockElements":[{"Type":"Question","QuestionID":"QID13"},{"Type":"Page Break"},{"Type":"Question","QuestionID":"QID14"},{"Type":"Page Break"}],"Options":{"BlockLocking":false,"RandomizeQuestions":"false","BlockVisibility":"Expanded"}},{"Type":"Standard","SubType":"","Description":"Final Evaluation","ID":"BL_5mRxEZdKcDLxKTQ","BlockElements":[{"Type":"Question","QuestionID":"QID17"}],"Options":{"BlockLocking":"false","RandomizeQuestions":"false","BlockVisibility":"Expanded"}},{"Type":"Standard","SubType":"","Description":"Third-Year Review Goals and Student Responsibilities","ID":"BL_efmGD6CuQDdne3s","BlockElements":[{"Type":"Question","QuestionID":"QID18"},{"Type":"Page Break"},{"Type":"Question","QuestionID":"QID19"},{"Type":"Page Break"}],"Options":{"BlockLocking":false,"RandomizeQuestions":"false","BlockVisibility":"Expanded"}},{"Type":"Standard","SubType":"","Description":"Written feedback for student","ID":"BL_eu3hbXbXQXlObKm","BlockElements":[{"Type":"Question","QuestionID":"QID20"}],"Options":{"BlockLocking":"false","RandomizeQuestions":"false","BlockVisibility":"Expanded"}},{"Type":"Standard","SubType":"","Description":"Comments for Grad Director","ID":"BL_5z5WLp7s4fRWTMG","BlockElements":[{"Type":"Question","QuestionID":"QID21"}],"Options":{"BlockLocking":"false","RandomizeQuestions":"false","BlockVisibility":"Expanded"}}]},{"SurveyID":"SV_6F4TdsJAMwy9wsC","Element":"FL","PrimaryAttribute":"Survey Flow","SecondaryAttribute":null,"TertiaryAttribute":null,"Payload":{"Type":"Root","FlowID":"FL_1","Flow":[{"Type":"EmbeddedData","FlowID":"FL_6","EmbeddedData":[{"Description":"Semester","Type":"Recipient","Field":"Semester","VariableType":"String","DataVisibility":[],"AnalyzeText":false},{"Description":"Year","Type":"Recipient","Field":"Year","VariableType":"Scale","DataVisibility":[]},{"Description":"Review","Type":"Recipient","Field":"Review","VariableType":"String","DataVisibility":[],"AnalyzeText":false},{"Description":"Student","Type":"Recipient","Field":"Student","VariableType":"String","DataVisibility":[],"AnalyzeText":false},{"Description":"Faculty","Type":"Recipient","Field":"Faculty","VariableType":"String","DataVisibility":[],"AnalyzeText":false}]},{"Type":"Branch","FlowID":"FL_14","Description":"New Branch","BranchLogic":{"0":{"0":{"LogicType":"EmbeddedField","LeftOperand":"Semester","Operator":"MatchesRegex","RightOperand":"^(Fall)|(Spring)$","_HiddenExpression":false,"Type":"Expression","Description":"<span class=\"ConjDesc\">If<\/span>  <span class=\"LeftOpDesc\">Semester<\/span> <span class=\"OpDesc\">Matches Regex<\/span> <span class=\"RightOpDesc\"> ^(Fall)|(Spring)$ <\/span>"},"1":{"LogicType":"EmbeddedField","LeftOperand":"Year","Operator":"MatchesRegex","RightOperand":"^20\\d\\d$","_HiddenExpression":false,"Type":"Expression","Description":"<span class=\"ConjDesc\">And<\/span>  <span class=\"LeftOpDesc\">Year<\/span> <span class=\"OpDesc\">Matches Regex<\/span> <span class=\"RightOpDesc\"> ^20\\d\\d$ <\/span>","Conjuction":"And"},"2":{"LogicType":"EmbeddedField","LeftOperand":"Review","Operator":"MatchesRegex","RightOperand":"^(First|Second|Third)$","_HiddenExpression":false,"Type":"Expression","Description":"<span class=\"ConjDesc\">And<\/span>  <span class=\"LeftOpDesc\">Review<\/span> <span class=\"OpDesc\">Matches Regex<\/span> <span class=\"RightOpDesc\"> ^(First|Second|Third)$ <\/span>","Conjuction":"And"},"Type":"If"},"Type":"BooleanExpression"},"Flow":[{"Type":"EmbeddedData","FlowID":"FL_15","EmbeddedData":[{"Description":"Valid","Type":"Custom","Field":"Valid","VariableType":"String","DataVisibility":[],"AnalyzeText":false,"Value":"1"}]}]},{"Type":"Branch","FlowID":"FL_10","Description":"New Branch","BranchLogic":{"0":{"0":{"LogicType":"EmbeddedField","LeftOperand":"Valid","Operator":"NotEqualTo","RightOperand":"1","_HiddenExpression":false,"Type":"Expression","Description":"<span class=\"ConjDesc\">If<\/span>  <span class=\"LeftOpDesc\">Valid<\/span> <span class=\"OpDesc\">Is Not Equal to<\/span> <span class=\"RightOpDesc\"> 1 <\/span>"},"Type":"If"},"Type":"BooleanExpression"},"Flow":[{"Type":"EndSurvey","FlowID":"FL_11","EndingType":"Advanced","Options":{"Advanced":"true","SurveyTermination":"DisplayMessage","EOSMessageLibrary":"UR_emwxpBJS8bSLUNv","EOSMessage":"MS_9NPUdBUiqmkaX6S"}}]},{"Type":"Branch","FlowID":"FL_19","Description":"New Branch","BranchLogic":{"0":{"0":{"LogicType":"EmbeddedField","LeftOperand":"Review","Operator":"EqualTo","RightOperand":"First","_HiddenExpression":false,"Type":"Expression","Description":"<span class=\"ConjDesc\">If<\/span>  <span class=\"LeftOpDesc\">Review<\/span> <span class=\"OpDesc\">Is Equal to<\/span> <span class=\"RightOpDesc\"> First <\/span>"},"Type":"If"},"Type":"BooleanExpression"},"Flow":[{"Type":"Standard","ID":"BL_af6onc31Ydc6IOa","FlowID":"FL_24","Autofill":[]},{"Type":"Block","ID":"BL_dgJzdqO3pHIl3w2","FlowID":"FL_26","Autofill":[]},{"Type":"Standard","ID":"BL_3yrhXDMLLE7YEbI","FlowID":"FL_3","Autofill":[]},{"Type":"Standard","ID":"BL_eu3hbXbXQXlObKm","FlowID":"FL_28","Autofill":[]},{"Type":"Standard","ID":"BL_5mRxEZdKcDLxKTQ","FlowID":"FL_30","Autofill":[]},{"Type":"Standard","ID":"BL_5z5WLp7s4fRWTMG","FlowID":"FL_32","Autofill":[]}]},{"Type":"Branch","FlowID":"FL_20","Description":"New Branch","BranchLogic":{"0":{"0":{"LogicType":"EmbeddedField","LeftOperand":"Review","Operator":"EqualTo","RightOperand":"Second","_HiddenExpression":false,"Type":"Expression","Description":"<span class=\"ConjDesc\">If<\/span>  <span class=\"LeftOpDesc\">Review<\/span> <span class=\"OpDesc\">Is Equal to<\/span> <span class=\"RightOpDesc\"> Second <\/span>"},"Type":"If"},"Type":"BooleanExpression"},"Flow":[{"Type":"Standard","ID":"BL_af6onc31Ydc6IOa","FlowID":"FL_25","Autofill":[]},{"Type":"Block","ID":"BL_dgJzdqO3pHIl3w2","FlowID":"FL_27","Autofill":[]},{"Type":"Standard","ID":"BL_2ggh7KyT4ZhNnLw","FlowID":"FL_12","Autofill":[]},{"Type":"Standard","ID":"BL_eu3hbXbXQXlObKm","FlowID":"FL_29","Autofill":[]},{"Type":"Standard","ID":"BL_5mRxEZdKcDLxKTQ","FlowID":"FL_31","Autofill":[]},{"Type":"Standard","ID":"BL_5z5WLp7s4fRWTMG","FlowID":"FL_33","Autofill":[]}]},{"Type":"Branch","FlowID":"FL_22","Description":"New Branch","BranchLogic":{"0":{"0":{"LogicType":"EmbeddedField","LeftOperand":"Review","Operator":"EqualTo","RightOperand":"Third","_HiddenExpression":false,"Type":"Expression","Description":"<span class=\"ConjDesc\">If<\/span>  <span class=\"LeftOpDesc\">Review<\/span> <span class=\"OpDesc\">Is Equal to<\/span> <span class=\"RightOpDesc\"> Third <\/span>"},"Type":"If"},"Type":"BooleanExpression"},"Flow":[{"Type":"Standard","ID":"BL_af6onc31Ydc6IOa","FlowID":"FL_8","Autofill":[]},{"Type":"Block","ID":"BL_dgJzdqO3pHIl3w2","FlowID":"FL_2","Autofill":[]},{"Type":"Standard","ID":"BL_efmGD6CuQDdne3s","FlowID":"FL_16","Autofill":[]},{"Type":"Standard","ID":"BL_eu3hbXbXQXlObKm","FlowID":"FL_17","Autofill":[]},{"Type":"Standard","ID":"BL_5mRxEZdKcDLxKTQ","FlowID":"FL_13","Autofill":[]},{"Type":"Standard","ID":"BL_5z5WLp7s4fRWTMG","FlowID":"FL_18","Autofill":[]}]}],"Properties":{"Count":34,"RemovedFieldsets":[]}}},{"SurveyID":"SV_6F4TdsJAMwy9wsC","Element":"PL","PrimaryAttribute":"Preview Link","SecondaryAttribute":null,"TertiaryAttribute":null,"Payload":{"PreviewType":"Brand","PreviewID":"24f4d3cc-9163-4383-a77e-09bdc82e8251"}},{"SurveyID":"SV_6F4TdsJAMwy9wsC","Element":"SO","PrimaryAttribute":"Survey Options","SecondaryAttribute":null,"TertiaryAttribute":null,"Payload":{"BackButton":"true","SaveAndContinue":"false","SurveyProtection":"ByInvitation","BallotBoxStuffingPrevention":"false","NoIndex":"Yes","SecureResponseFiles":"true","SurveyExpiration":"None","SurveyTermination":"DefaultMessage","Header":"","Footer":"","ProgressBarDisplay":"None","PartialData":"+6 month","ValidationMessage":null,"PreviousButton":"","NextButton":"","SurveyTitle":"MFA Formal Review Evaluation Form","SkinLibrary":"fsu","SkinType":"MQ","Skin":"skin1_new","NewScoring":1,"SurveyMetaDescription":"Formal Review Evaluation Form for MFA candidates in the FSU Department of Art","SurveyName":"MFA Formal Review Evaluation Form","EOSMessage":null,"ShowExportTags":"false","CollectGeoLocation":"false","PasswordProtection":"No","AnonymizeResponse":"No","RefererCheck":"No","RecaptchaV3":"false","ConfirmStart":false,"AutoConfirmStart":false,"RelevantID":"false","RelevantIDLockoutPeriod":"+30 days","UseCustomSurveyLinkCompletedMessage":null,"SurveyLinkCompletedMessage":null,"SurveyLinkCompletedMessageLibrary":null,"ResponseSummary":"No","EOSMessageLibrary":null,"EOSRedirectURL":null,"EmailThankYou":"false","ThankYouEmailMessageLibrary":null,"ThankYouEmailMessage":null,"ValidateMessage":"false","ValidationMessageLibrary":null,"InactiveSurvey":"DefaultMessage","PartialDeletion":null,"PartialDataCloseAfter":"LastActivity","InactiveMessageLibrary":null,"InactiveMessage":null,"AvailableLanguages":{"EN":[]},"SurveyAnalysisDisabled":true,"ProtectSelectionIds":true}},{"SurveyID":"SV_6F4TdsJAMwy9wsC","Element":"QGO","PrimaryAttribute":"QGO_QuotaGroupOrder","SecondaryAttribute":null,"TertiaryAttribute":null,"Payload":["QG_pijN1pz3u3Opmbq"]},{"SurveyID":"SV_6F4TdsJAMwy9wsC","Element":"SCO","PrimaryAttribute":"Scoring","SecondaryAttribute":null,"TertiaryAttribute":null,"Payload":{"ScoringCategories":[],"ScoringCategoryGroups":[],"ScoringSummaryCategory":null,"ScoringSummaryAfterQuestions":0,"ScoringSummaryAfterSurvey":0,"DefaultScoringCategory":null,"AutoScoringCategory":null}},{"SurveyID":"SV_6F4TdsJAMwy9wsC","Element":"PROJ","PrimaryAttribute":"CORE","SecondaryAttribute":null,"TertiaryAttribute":"1.1.0","Payload":{"ProjectCategory":"CORE","SchemaVersion":"1.1.0"}},{"SurveyID":"SV_6F4TdsJAMwy9wsC","Element":"STAT","PrimaryAttribute":"Survey Statistics","SecondaryAttribute":null,"TertiaryAttribute":null,"Payload":{"MobileCompatible":true,"ID":"Survey Statistics"}},{"SurveyID":"SV_6F4TdsJAMwy9wsC","Element":"SQ","PrimaryAttribute":"QID6","SecondaryAttribute":"${e:\/\/Field\/Year} ${e:\/\/Field\/Semester} ${e:\/\/Field\/Review}-Year Formal Review Thank you for usin...","TertiaryAttribute":null,"Payload":{"QuestionText":"<p><strong>${e:\/\/Field\/Year} ${e:\/\/Field\/Semester} ${e:\/\/Field\/Review}-Year Formal Review<\/strong><\/p>\n\n<p><br><\/p><p>Thank you for using this Formal Review evaluation form. In the following steps, you will:<\/p>\n\n<ol>\n\t<li>\n\t<p>Rate the student based on the goals and student responsibilies for this review (see MFA Student Handbook).<\/p>\n\t<\/li>\n\t<li>\n\t<p>Provide constructive feedback and resources that can aid the student in developing their practice.<\/p>\n\t<\/li>\n\t<li>\n\t<p>Provide an overall rating for the review.<\/p>\n\t<\/li>\n\t<li>\n\t<p>Provide any notes that will only be seen by the Graduate Director and the Graduate Advisor &amp; Coordinator.<\/p>\n\t<\/li>\n<\/ol>","DefaultChoices":false,"DataExportTag":"intro","QuestionType":"DB","Selector":"TB","Configuration":{"QuestionDescriptionOption":"UseText"},"QuestionDescription":"${e:\/\/Field\/Year} ${e:\/\/Field\/Semester} ${e:\/\/Field\/Review}-Year Formal Review Thank you for usin...","ChoiceOrder":[],"Validation":{"Settings":{"Type":"None"}},"GradingData":[],"Language":[],"NextChoiceId":4,"NextAnswerId":1,"QuestionID":"QID6","DataVisibility":{"Private":false,"Hidden":false}}},{"SurveyID":"SV_6F4TdsJAMwy9wsC","Element":"QC","PrimaryAttribute":"Survey Question Count","SecondaryAttribute":"23","TertiaryAttribute":null,"Payload":null},{"SurveyID":"SV_6F4TdsJAMwy9wsC","Element":"SQ","PrimaryAttribute":"QID23","SecondaryAttribute":"Click to write the question text","TertiaryAttribute":null,"Payload":{"QuestionText":"Click to write the question text","DefaultChoices":false,"DataExportTag":"Q14","QuestionType":"DB","Selector":"TB","Configuration":{"QuestionDescriptionOption":"UseText"},"QuestionDescription":"Click to write the question text","ChoiceOrder":[],"Validation":{"Settings":{"Type":"None"}},"GradingData":[],"Language":[],"NextChoiceId":4,"NextAnswerId":1,"QuestionID":"QID23"}},{"SurveyID":"SV_6F4TdsJAMwy9wsC","Element":"SQ","PrimaryAttribute":"QID21","SecondaryAttribute":"Comments\/concerns related to this review. These are read by the Graduate Director and Graduate Ad...","TertiaryAttribute":null,"Payload":{"QuestionText":"<div>Comments\/concerns related to this review. These are read by the Graduate Director and Graduate Advisor &amp; Coordinator, and are <u><strong>not <\/strong><\/u>shared with the&nbsp; student.<\/div>\n\n<div>&nbsp;<\/div>\n\n<div><strong><span style=\"background-color:#ffff00;\">Important: <\/span><\/strong><span style=\"background-color:#ffff00;\">When you submit your comments below, the evaluation is complete and you will not be able to return to the form to make changes.<\/span><\/div>","DefaultChoices":false,"QuestionType":"TE","Selector":"ESTB","Configuration":{"QuestionDescriptionOption":"UseText"},"QuestionDescription":"Comments\/concerns related to this review. These are read by the Graduate Director and Graduate Ad...","Validation":{"Settings":{"ForceResponse":"OFF","Type":"None"}},"GradingData":[],"Language":[],"NextChoiceId":4,"NextAnswerId":1,"SearchSource":{"AllowFreeResponse":"false"},"QuestionText_Unsafe":"Written feedback and resources that can assist in further developing the student's creative practice and\/or Studio Research+Exhibition<br>","DataExportTag":"privatecomments","QuestionID":"QID21","DataVisibility":{"Private":false,"Hidden":false}}},{"SurveyID":"SV_6F4TdsJAMwy9wsC","Element":"SQ","PrimaryAttribute":"QID20","SecondaryAttribute":"Constructive feedback and recommendations for relevant artists \/ scholarly resources that can ass...","TertiaryAttribute":null,"Payload":{"QuestionText":"Constructive feedback and recommendations for relevant artists \/ scholarly resources that can assist in further developing the student's creative practice or Studio Research+Exhibition<br>","DefaultChoices":false,"DataExportTag":"studentcomments","QuestionType":"TE","Selector":"ESTB","Configuration":{"QuestionDescriptionOption":"UseText"},"QuestionDescription":"Constructive feedback and recommendations for relevant artists \/ scholarly resources that can ass...","Validation":{"Settings":{"ForceResponse":"ON","ForceResponseType":"ON","Type":"None","MinChars":"1"}},"GradingData":[],"Language":[],"NextChoiceId":4,"NextAnswerId":1,"SearchSource":{"AllowFreeResponse":"false"},"QuestionID":"QID20","DataVisibility":{"Private":false,"Hidden":false}}},{"SurveyID":"SV_6F4TdsJAMwy9wsC","Element":"QG","PrimaryAttribute":"QG_pijN1pz3u3Opmbq","SecondaryAttribute":"Default Quota Group","TertiaryAttribute":null,"Payload":{"ID":"QG_pijN1pz3u3Opmbq","Name":"Default Quota Group","Selected":true,"MultipleMatch":"PlaceInAll","Public":false,"Quotas":[]}},{"SurveyID":"SV_6F4TdsJAMwy9wsC","Element":"RS","PrimaryAttribute":"RS_0JV44TcuIkax8Bo","SecondaryAttribute":"Default Response Set","TertiaryAttribute":null,"Payload":null},{"SurveyID":"SV_6F4TdsJAMwy9wsC","Element":"SQ","PrimaryAttribute":"QID5","SecondaryAttribute":"Faculty Name: ${e:\/\/Field\/Faculty}","TertiaryAttribute":null,"Payload":{"QuestionText":"Faculty Name: ${e:\/\/Field\/Faculty}<br>","DefaultChoices":false,"DataExportTag":"facultyname","QuestionID":"QID5","QuestionType":"DB","Selector":"TB","DataVisibility":{"Private":false,"Hidden":false},"Configuration":{"QuestionDescriptionOption":"UseText"},"QuestionDescription":"Faculty Name: ${e:\/\/Field\/Faculty}","ChoiceOrder":[],"Validation":{"Settings":{"Type":"None"}},"GradingData":[],"Language":[],"NextChoiceId":4,"NextAnswerId":1}},{"SurveyID":"SV_6F4TdsJAMwy9wsC","Element":"SQ","PrimaryAttribute":"QID7","SecondaryAttribute":"How does the student meet the First-Year Review goals?","TertiaryAttribute":null,"Payload":{"QuestionText":"How does the student meet the First-Year Review goals?<br>","DefaultChoices":false,"DataExportTag":"firstyeargoals","QuestionType":"Matrix","Selector":"Likert","Configuration":{"QuestionDescriptionOption":"UseText","TextPosition":"inline","ChoiceColumnWidth":25,"Stack":"OFF","RepeatHeaders":"none","WhiteSpace":"OFF","MobileFirst":true},"QuestionDescription":"How does the student meet the First-Year Review goals?","Choices":{"1":{"Display":"Student is acclimating to the program"},"2":{"Display":"Student is being productive in their studio"}},"ChoiceOrder":["1","2"],"Validation":{"Settings":{"ForceResponse":"ON","ForceResponseType":"ON","Type":"None"}},"GradingData":[],"Language":[],"NextChoiceId":4,"NextAnswerId":88,"Answers":{"85":{"Display":"Disagree"},"86":{"Display":"Agree"},"87":{"Display":"Strongly Agree"}},"AnswerOrder":["85","86","87"],"ChoiceDataExportTags":false,"QuestionID":"QID7","AnswerColumns":2,"ClarifyingSymbolType":"None","SubSelector":"SingleAnswer","DataVisibility":{"Private":false,"Hidden":false},"RecodeValues":{"85":"0","86":"1","87":"2"}}},{"SurveyID":"SV_6F4TdsJAMwy9wsC","Element":"SQ","PrimaryAttribute":"QID13","SecondaryAttribute":"How does the student meet the Second-Year Review goals?","TertiaryAttribute":null,"Payload":{"QuestionText":"<div>How does the student meet the Second-Year Review goals?<\/div><div><br><\/div>","DefaultChoices":false,"QuestionType":"Matrix","Selector":"Likert","Configuration":{"QuestionDescriptionOption":"UseText","TextPosition":"inline","ChoiceColumnWidth":25,"Stack":"OFF","RepeatHeaders":"none","WhiteSpace":"OFF","MobileFirst":true,"Autoscale":{"XScale":{"Name":"agreeDisagree","Type":"category","Reverse":false}}},"QuestionDescription":"How does the student meet the Second-Year Review goals?","Choices":{"1":{"Display":"The student is managing their time appropriately and being productive in their studio."},"4":{"Display":"The student is successfully developing their creative practice."},"5":{"Display":"The student is ready to begin\/continue a GTA role without negatively impacting their studio practice."}},"ChoiceOrder":["1","4","5"],"Validation":{"Settings":{"ForceResponse":"ON","ForceResponseType":"ON","Type":"None"}},"GradingData":[],"Language":[],"NextChoiceId":7,"NextAnswerId":72,"Answers":{"69":{"Display":"Disagree"},"70":{"Display":"Agree"},"71":{"Display":"Strongly Agree"}},"AnswerOrder":["69","70","71"],"ChoiceDataExportTags":false,"AnswerColumns":2,"ClarifyingSymbolType":"None","SubSelector":"SingleAnswer","DataVisibility":{"Private":false,"Hidden":false},"QuestionText_Unsafe":"How does the student meet the First-Year Review goals?<br>","DataExportTag":"secondyeargoals","QuestionID":"QID13","RecodeValues":{"69":"0","70":"1","71":"2"}}},{"SurveyID":"SV_6F4TdsJAMwy9wsC","Element":"SQ","PrimaryAttribute":"QID18","SecondaryAttribute":"How does the student meet the Third-Year Review goals?","TertiaryAttribute":null,"Payload":{"QuestionText":"How does the student meet the Third-Year Review goals?<br>","DefaultChoices":false,"QuestionType":"Matrix","Selector":"Likert","Configuration":{"QuestionDescriptionOption":"UseText","TextPosition":"inline","ChoiceColumnWidth":25,"Stack":"OFF","RepeatHeaders":"none","WhiteSpace":"OFF","MobileFirst":true,"Autoscale":{"XScale":{"Name":"agreeDisagree","Type":"category","Reverse":false}}},"QuestionDescription":"How does the student meet the Third-Year Review goals?","Choices":{"1":{"Display":"The student is making progress toward the Studio Research + Exhibition (SR+E)."},"5":{"Display":"The student is able to continue a GTA role without negatively impacting their studio practice."}},"ChoiceOrder":["1","5"],"Validation":{"Settings":{"ForceResponse":"ON","ForceResponseType":"ON","Type":"None"}},"GradingData":[],"Language":[],"NextChoiceId":8,"NextAnswerId":72,"Answers":{"69":{"Display":"Disagree"},"70":{"Display":"Agree"},"71":{"Display":"Strongly Agree"}},"AnswerOrder":["69","70","71"],"ChoiceDataExportTags":false,"AnswerColumns":2,"ClarifyingSymbolType":"None","SubSelector":"SingleAnswer","DataVisibility":{"Private":false,"Hidden":false},"QuestionText_Unsafe":"How does the student meet the Second-Year Review goals? The student is:<br>","DataExportTag":"thirdyeargoals","QuestionID":"QID18","RecodeValues":{"69":"0","70":"1","71":"2"}}},{"SurveyID":"SV_6F4TdsJAMwy9wsC","Element":"SQ","PrimaryAttribute":"QID14","SecondaryAttribute":"How prepared for the Second-Year Review was the student?","TertiaryAttribute":null,"Payload":{"QuestionText":"How prepared for the Second-Year Review was the student?<br>","DefaultChoices":false,"QuestionType":"Matrix","Selector":"Likert","SubSelector":"SingleAnswer","DataVisibility":{"Private":false,"Hidden":false},"Configuration":{"QuestionDescriptionOption":"UseText","TextPosition":"inline","Autoscale":{"XScale":{"Name":"agreeDisagree","Type":"category","Reverse":false}},"ChoiceColumnWidth":25,"RepeatHeaders":"none","WhiteSpace":"OFF","MobileFirst":true},"QuestionDescription":"How prepared for the Second-Year Review was the student?","Choices":{"2":{"Display":"Presented printed document including artist statement, artist influences, bibliography"},"8":{"Display":"Presented evidence of ongoing experimentation, previous material studies, in-process and recently finished work"},"11":{"Display":"Was able to discuss the work; themes and ideas at play; and relationships to historical and contemporary ideas"},"12":{"Display":"Had a note-taker, sent materials before the review (if applicable), and had special equipment\/spaces required to properly show their work"}},"ChoiceOrder":["2","8","11","12"],"Validation":{"Settings":{"ForceResponse":"ON","ForceResponseType":"ON","Type":"None"}},"GradingData":[],"Language":[],"NextChoiceId":14,"NextAnswerId":55,"Answers":{"52":{"Display":"Disagree"},"53":{"Display":"Agree"},"54":{"Display":"Strongly Agree"}},"AnswerOrder":["52","53","54"],"ChoiceDataExportTags":false,"QuestionText_Unsafe":"How prepared for the First-Year Fall Review was the student?<br>","DataExportTag":"secondyearprepared","QuestionID":"QID14","RecodeValues":{"52":"0","53":"1","54":"2"}}},{"SurveyID":"SV_6F4TdsJAMwy9wsC","Element":"SQ","PrimaryAttribute":"QID19","SecondaryAttribute":"How prepared for the Third-Year Review was the student?","TertiaryAttribute":null,"Payload":{"QuestionText":"How prepared for the Third-Year Review was the student?<br>","DefaultChoices":false,"QuestionType":"Matrix","Selector":"Likert","SubSelector":"SingleAnswer","DataVisibility":{"Private":false,"Hidden":false},"Configuration":{"QuestionDescriptionOption":"UseText","TextPosition":"inline","Autoscale":{"XScale":{"Name":"agreeDisagree","Type":"category","Reverse":false}},"ChoiceColumnWidth":25,"RepeatHeaders":"none","WhiteSpace":"OFF","MobileFirst":true},"QuestionDescription":"How prepared for the Third-Year Review was the student?","Choices":{"2":{"Display":"Presented a project statement and bibliography for their SR+E","DisplayLogic":{"0":{"0":{"Description":"<span class=\"ConjDesc\">If<\/span>  <span class=\"LeftOpDesc\">Semester<\/span> <span class=\"OpDesc\">Is Equal to<\/span> <span class=\"RightOpDesc\"> Fall <\/span>","LeftOperand":"Semester","LogicType":"EmbeddedField","Operator":"EqualTo","RightOperand":"Fall","Type":"Expression"},"Type":"If"},"Type":"BooleanExpression","inPage":false}},"8":{"Display":"Presented in-process and recently finished work related to the graduating exhibition"},"11":{"Display":"Was able to discuss the work; themes and ideas at play; and relationships to historical and contemporary ideas"},"12":{"Display":"Had a note-taker, sent materials before the review (if applicable), and had special equipment\/spaces required to properly show their work"},"14":{"Display":"Presented a final draft of the SR+E paper","DisplayLogic":{"0":{"0":{"Description":"<span class=\"ConjDesc\">If<\/span>  <span class=\"LeftOpDesc\">Semester<\/span> <span class=\"OpDesc\">Is Equal to<\/span> <span class=\"RightOpDesc\"> Spring <\/span>","LeftOperand":"Semester","LogicType":"EmbeddedField","Operator":"EqualTo","RightOperand":"Spring","Type":"Expression"},"Type":"If"},"Type":"BooleanExpression","inPage":false}},"15":{"Display":"Presented a written plan for execution of the graduating exhibition","DisplayLogic":{"0":{"0":{"Description":"<span class=\"ConjDesc\">If<\/span>  <span class=\"LeftOpDesc\">Semester<\/span> <span class=\"OpDesc\">Is Equal to<\/span> <span class=\"RightOpDesc\"> Spring <\/span>","LeftOperand":"Semester","LogicType":"EmbeddedField","Operator":"EqualTo","RightOperand":"Spring","Type":"Expression"},"Type":"If"},"Type":"BooleanExpression","inPage":false}}},"ChoiceOrder":["2","14","15","8","11","12"],"Validation":{"Settings":{"ForceResponse":"ON","ForceResponseType":"ON","Type":"None"}},"GradingData":[],"Language":[],"NextChoiceId":17,"NextAnswerId":55,"Answers":{"52":{"Display":"Disagree"},"53":{"Display":"Agree"},"54":{"Display":"Strongly Agree"}},"AnswerOrder":["52","53","54"],"ChoiceDataExportTags":false,"QuestionText_Unsafe":"How prepared for the Second-Year Review was the student?<br>","DataExportTag":"thirdyearprepared","QuestionID":"QID19","RecodeValues":{"52":"0","53":"1","54":"2"}}},{"SurveyID":"SV_6F4TdsJAMwy9wsC","Element":"SQ","PrimaryAttribute":"QID10","SecondaryAttribute":"How prepared was the student, for the First-Year Review?","TertiaryAttribute":null,"Payload":{"QuestionText":"How prepared was the student, for the First-Year Review?<br>","DefaultChoices":false,"DataExportTag":"firstyearprepared","QuestionType":"Matrix","Selector":"Likert","SubSelector":"SingleAnswer","DataVisibility":{"Private":false,"Hidden":false},"Configuration":{"QuestionDescriptionOption":"UseText","TextPosition":"inline","Autoscale":{"XScale":{"Name":"agreeDisagree","Type":"category","Reverse":false}},"ChoiceColumnWidth":25,"RepeatHeaders":"none","WhiteSpace":"OFF","MobileFirst":true},"QuestionDescription":"How prepared was the student, for the First-Year Review?","Choices":{"2":{"Display":"Presented several research questions they intend to investigate","DisplayLogic":{"0":{"0":{"Description":"<span class=\"ConjDesc\">If<\/span>  <span class=\"LeftOpDesc\">Semester<\/span> <span class=\"OpDesc\">Is Equal to<\/span> <span class=\"RightOpDesc\"> Fall <\/span>","LeftOperand":"Semester","LogicType":"EmbeddedField","Operator":"EqualTo","RightOperand":"Fall","Type":"Expression"},"Type":"If"},"Type":"BooleanExpression","inPage":false}},"8":{"Display":"Showed selected documentation of work completed prior to FSU","DisplayLogic":{"0":{"0":{"Description":"<span class=\"ConjDesc\">If<\/span>  <span class=\"LeftOpDesc\">Semester<\/span> <span class=\"OpDesc\">Is Equal to<\/span> <span class=\"RightOpDesc\"> Fall <\/span>","LeftOperand":"Semester","LogicType":"EmbeddedField","Operator":"EqualTo","RightOperand":"Fall","Type":"Expression"},"Type":"If"},"Type":"BooleanExpression","inPage":false}},"10":{"Display":"Showed evidence of ongoing experimentation, in-process work, and recently finished work"},"11":{"Display":"Was able to discuss the work; themes and ideas at play; and relationships to historical and contemporary ideas"},"12":{"Display":"Had a note-taker, sent materials before the review (if applicable), and had special equipment\/spaces required to properly show their work"}},"ChoiceOrder":["2","8","10","11","12"],"Validation":{"Settings":{"ForceResponse":"ON","ForceResponseType":"ON","Type":"None"}},"GradingData":[],"Language":[],"NextChoiceId":14,"NextAnswerId":55,"Answers":{"52":{"Display":"Disagree"},"53":{"Display":"Agree"},"54":{"Display":"Strongly Agree"}},"AnswerOrder":["52","53","54"],"ChoiceDataExportTags":false,"QuestionID":"QID10","RecodeValues":{"52":"0","53":"1","54":"2"}}},{"SurveyID":"SV_6F4TdsJAMwy9wsC","Element":"SQ","PrimaryAttribute":"QID22","SecondaryAttribute":"Is this is a re-review?","TertiaryAttribute":null,"Payload":{"QuestionText":"Is this is a re-review?<br>","DefaultChoices":false,"DataExportTag":"rereview","QuestionType":"MC","Selector":"SAVR","SubSelector":"TX","Configuration":{"QuestionDescriptionOption":"UseText"},"QuestionDescription":"Is this is a re-review?","Choices":{"1":{"Display":"Yes"},"2":{"Display":"No"}},"ChoiceOrder":["1","2"],"Validation":{"Settings":{"ForceResponse":"ON","ForceResponseType":"ON","Type":"None"}},"GradingData":[],"Language":[],"NextChoiceId":4,"NextAnswerId":1,"QuestionID":"QID22","DataVisibility":{"Private":false,"Hidden":false},"RecodeValues":{"1":"1","2":"0"}}},{"SurveyID":"SV_6F4TdsJAMwy9wsC","Element":"SQ","PrimaryAttribute":"QID17","SecondaryAttribute":"Provide your final evaluation for this review. (Please see the \"Formal Review Evaluation\" section...","TertiaryAttribute":null,"Payload":{"QuestionText":"Provide your final evaluation for this review. (Please see the \"Formal Review Evaluation\" section of the MFA Handbook for more information.)<br>","DefaultChoices":false,"DataExportTag":"overallevaluation","QuestionType":"MC","Selector":"SAVR","SubSelector":"TX","Configuration":{"QuestionDescriptionOption":"UseText"},"QuestionDescription":"Provide your final evaluation for this review. (Please see the \"Formal Review Evaluation\" section...","Choices":{"1":{"Display":"Satisfactory"},"2":{"Display":"Provisional"},"3":{"Display":"Unsatisfactory","DisplayLogic":{"0":{"0":{"Description":"<span class=\"ConjDesc\">If<\/span>  <span class=\"LeftOpDesc\">Review<\/span> <span class=\"OpDesc\">Is Not Equal to<\/span> <span class=\"RightOpDesc\"> First <\/span>","LeftOperand":"Review","LogicType":"EmbeddedField","Operator":"NotEqualTo","RightOperand":"First","Type":"Expression"},"Type":"If"},"Type":"BooleanExpression","inPage":false}}},"ChoiceOrder":["1","2","3"],"Validation":{"Settings":{"ForceResponse":"ON","ForceResponseType":"ON","Type":"None"}},"GradingData":[],"Language":[],"NextChoiceId":4,"NextAnswerId":1,"QuestionID":"QID17","DataVisibility":{"Private":false,"Hidden":false},"RecodeValues":{"1":"2","2":"1","3":"0"}}},{"SurveyID":"SV_6F4TdsJAMwy9wsC","Element":"SQ","PrimaryAttribute":"QID1","SecondaryAttribute":"Student Name: ${e:\/\/Field\/Student}","TertiaryAttribute":null,"Payload":{"QuestionText":"Student Name: ${e:\/\/Field\/Student}<br>","DefaultChoices":false,"DataExportTag":"studentname","QuestionID":"QID1","QuestionType":"DB","Selector":"TB","DataVisibility":{"Private":false,"Hidden":false},"Configuration":{"QuestionDescriptionOption":"UseText"},"QuestionDescription":"Student Name: ${e:\/\/Field\/Student}","ChoiceOrder":[],"Validation":{"Settings":{"Type":"None"}},"GradingData":[],"Language":[],"NextChoiceId":4,"NextAnswerId":1}}]}